
Microsoft Visual Studio Solution File, Format Version 12.00
# Visual Studio Version 17
VisualStudioVersion = 17.11.35327.3
MinimumVisualStudioVersion = 10.0.40219.1
Project("{FAE04EC0-301F-11D3-BF4B-00C04F79EFBC}") = "ASM", "ASM\ASM.csproj", "{A7DE7650-E04A-4DBF-A79D-E31622BF96EC}"
EndProject
Global
	GlobalSection(SolutionConfigurationPlatforms) = preSolution
		Debug|Any CPU = Debug|Any CPU
		Release|Any CPU = Release|Any CPU
	EndGlobalSection
	GlobalSection(ProjectConfigurationPlatforms) = postSolution
		{A7DE7650-E04A-4DBF-A79D-E31622BF96EC}.Debug|Any CPU.ActiveCfg = Debug|Any CPU
		{A7DE7650-E04A-4DBF-A79D-E31622BF96EC}.Debug|Any CPU.Build.0 = Debug|Any CPU
		{A7DE7650-E04A-4DBF-A79D-E31622BF96EC}.Release|Any CPU.ActiveCfg = Release|Any CPU
		{A7DE7650-E04A-4DBF-A79D-E31622BF96EC}.Release|Any CPU.Build.0 = Release|Any CPU
	EndGlobalSection
	GlobalSection(SolutionProperties) = preSolution
		HideSolutionNode = FALSE
	EndGlobalSection
	GlobalSection(ExtensibilityGlobals) = postSolution
		SolutionGuid = {FB7CA610-521E-4B6E-A1CD-5DCEB836F3CD}
	EndGlobalSection
EndGlobal
